// !$*UTF8*$!
{
	archiveVersion = 1;
	classes = {
	};
	objectVersion = 50;
	objects = {

/* Begin PBXBuildFile section */
		4D3AC5E221BA706C0098AB25 /* GameOneController.swift in Sources */ = {isa = PBXBuildFile; fileRef = 4D3AC5E121BA706C0098AB25 /* GameOneController.swift */; };
		4D3AC5E821BA77E60098AB25 /* GameTwoController.swift in Sources */ = {isa = PBXBuildFile; fileRef = 4D3AC5E721BA77E60098AB25 /* GameTwoController.swift */; };
		4D3AC5EB21BA78D10098AB25 /* ChooseDifficulty.swift in Sources */ = {isa = PBXBuildFile; fileRef = 4D3AC5E921BA78D10098AB25 /* ChooseDifficulty.swift */; };
		4D3AC5EC21BA78D10098AB25 /* MainMenu.swift in Sources */ = {isa = PBXBuildFile; fileRef = 4D3AC5EA21BA78D10098AB25 /* MainMenu.swift */; };
		4D6D26C721B56500000DFD8A /* QuestionManager.swift in Sources */ = {isa = PBXBuildFile; fileRef = 4D6D26C621B56500000DFD8A /* QuestionManager.swift */; };
		4DC0947021B537570022BBEF /* Question.swift in Sources */ = {isa = PBXBuildFile; fileRef = 4DC0946F21B537570022BBEF /* Question.swift */; };
		4DC0947221B53A770022BBEF /* Game.swift in Sources */ = {isa = PBXBuildFile; fileRef = 4DC0947121B53A770022BBEF /* Game.swift */; };
		4DF7222421C1158800205504 /* EndGameOneController.swift in Sources */ = {isa = PBXBuildFile; fileRef = 4DF7222321C1158800205504 /* EndGameOneController.swift */; };
		D8BFF78A21B50F0F00BCC2D3 /* AppDelegate.swift in Sources */ = {isa = PBXBuildFile; fileRef = D8BFF78921B50F0F00BCC2D3 /* AppDelegate.swift */; };
		D8BFF78F21B50F0F00BCC2D3 /* Main.storyboard in Resources */ = {isa = PBXBuildFile; fileRef = D8BFF78D21B50F0F00BCC2D3 /* Main.storyboard */; };
		D8BFF79121B50F0F00BCC2D3 /* Assets.xcassets in Resources */ = {isa = PBXBuildFile; fileRef = D8BFF79021B50F0F00BCC2D3 /* Assets.xcassets */; };
		D8BFF79421B50F0F00BCC2D3 /* LaunchScreen.storyboard in Resources */ = {isa = PBXBuildFile; fileRef = D8BFF79221B50F0F00BCC2D3 /* LaunchScreen.storyboard */; };
/* End PBXBuildFile section */

/* Begin PBXFileReference section */
		4D3AC5E121BA706C0098AB25 /* GameOneController.swift */ = {isa = PBXFileReference; lastKnownFileType = sourcecode.swift; path = GameOneController.swift; sourceTree = "<group>"; };
		4D3AC5E721BA77E60098AB25 /* GameTwoController.swift */ = {isa = PBXFileReference; lastKnownFileType = sourcecode.swift; path = GameTwoController.swift; sourceTree = "<group>"; };
		4D3AC5E921BA78D10098AB25 /* ChooseDifficulty.swift */ = {isa = PBXFileReference; fileEncoding = 4; lastKnownFileType = sourcecode.swift; path = ChooseDifficulty.swift; sourceTree = "<group>"; };
		4D3AC5EA21BA78D10098AB25 /* MainMenu.swift */ = {isa = PBXFileReference; fileEncoding = 4; lastKnownFileType = sourcecode.swift; path = MainMenu.swift; sourceTree = "<group>"; };
		4D6D26C621B56500000DFD8A /* QuestionManager.swift */ = {isa = PBXFileReference; lastKnownFileType = sourcecode.swift; path = QuestionManager.swift; sourceTree = "<group>"; };
		4DC0946F21B537570022BBEF /* Question.swift */ = {isa = PBXFileReference; lastKnownFileType = sourcecode.swift; path = Question.swift; sourceTree = "<group>"; };
		4DC0947121B53A770022BBEF /* Game.swift */ = {isa = PBXFileReference; lastKnownFileType = sourcecode.swift; path = Game.swift; sourceTree = "<group>"; };
		4DF7222321C1158800205504 /* EndGameOneController.swift */ = {isa = PBXFileReference; lastKnownFileType = sourcecode.swift; path = EndGameOneController.swift; sourceTree = "<group>"; };
		D8BFF78621B50F0F00BCC2D3 /* QuizzY.app */ = {isa = PBXFileReference; explicitFileType = wrapper.application; includeInIndex = 0; path = QuizzY.app; sourceTree = BUILT_PRODUCTS_DIR; };
		D8BFF78921B50F0F00BCC2D3 /* AppDelegate.swift */ = {isa = PBXFileReference; lastKnownFileType = sourcecode.swift; path = AppDelegate.swift; sourceTree = "<group>"; };
		D8BFF78E21B50F0F00BCC2D3 /* Base */ = {isa = PBXFileReference; lastKnownFileType = file.storyboard; name = Base; path = Base.lproj/Main.storyboard; sourceTree = "<group>"; };
		D8BFF79021B50F0F00BCC2D3 /* Assets.xcassets */ = {isa = PBXFileReference; lastKnownFileType = folder.assetcatalog; path = Assets.xcassets; sourceTree = "<group>"; };
		D8BFF79321B50F0F00BCC2D3 /* Base */ = {isa = PBXFileReference; lastKnownFileType = file.storyboard; name = Base; path = Base.lproj/LaunchScreen.storyboard; sourceTree = "<group>"; };
		D8BFF79521B50F0F00BCC2D3 /* Info.plist */ = {isa = PBXFileReference; lastKnownFileType = text.plist.xml; path = Info.plist; sourceTree = "<group>"; };
/* End PBXFileReference section */

/* Begin PBXFrameworksBuildPhase section */
		D8BFF78321B50F0F00BCC2D3 /* Frameworks */ = {
			isa = PBXFrameworksBuildPhase;
			buildActionMask = 2147483647;
			files = (
			);
			runOnlyForDeploymentPostprocessing = 0;
		};
/* End PBXFrameworksBuildPhase section */

/* Begin PBXGroup section */
		D8BFF77D21B50F0F00BCC2D3 = {
			isa = PBXGroup;
			children = (
				D8BFF78821B50F0F00BCC2D3 /* QuizzY */,
				D8BFF78721B50F0F00BCC2D3 /* Products */,
			);
			sourceTree = "<group>";
		};
		D8BFF78721B50F0F00BCC2D3 /* Products */ = {
			isa = PBXGroup;
			children = (
				D8BFF78621B50F0F00BCC2D3 /* QuizzY.app */,
			);
			name = Products;
			sourceTree = "<group>";
		};
		D8BFF78821B50F0F00BCC2D3 /* QuizzY */ = {
			isa = PBXGroup;
			children = (
				D8BFF79D21B50F6800BCC2D3 /* Model */,
				D8BFF79B21B50F6200BCC2D3 /* Controller */,
				D8BFF79C21B50F6500BCC2D3 /* View */,
				D8BFF79E21B50F8E00BCC2D3 /* Supporting Files */,
			);
			path = QuizzY;
			sourceTree = "<group>";
		};
		D8BFF79B21B50F6200BCC2D3 /* Controller */ = {
			isa = PBXGroup;
			children = (
				4D3AC5E921BA78D10098AB25 /* ChooseDifficulty.swift */,
				4D3AC5EA21BA78D10098AB25 /* MainMenu.swift */,
				4D3AC5E121BA706C0098AB25 /* GameOneController.swift */,
				4D3AC5E721BA77E60098AB25 /* GameTwoController.swift */,
				4DF7222321C1158800205504 /* EndGameOneController.swift */,
			);
			path = Controller;
			sourceTree = "<group>";
		};
		D8BFF79C21B50F6500BCC2D3 /* View */ = {
			isa = PBXGroup;
			children = (
				D8BFF78D21B50F0F00BCC2D3 /* Main.storyboard */,
			);
			path = View;
			sourceTree = "<group>";
		};
		D8BFF79D21B50F6800BCC2D3 /* Model */ = {
			isa = PBXGroup;
			children = (
				4DC0946F21B537570022BBEF /* Question.swift */,
				4DC0947121B53A770022BBEF /* Game.swift */,
				4D6D26C621B56500000DFD8A /* QuestionManager.swift */,
			);
			path = Model;
			sourceTree = "<group>";
		};
		D8BFF79E21B50F8E00BCC2D3 /* Supporting Files */ = {
			isa = PBXGroup;
			children = (
				D8BFF79021B50F0F00BCC2D3 /* Assets.xcassets */,
				D8BFF79521B50F0F00BCC2D3 /* Info.plist */,
				D8BFF79221B50F0F00BCC2D3 /* LaunchScreen.storyboard */,
				D8BFF78921B50F0F00BCC2D3 /* AppDelegate.swift */,
			);
			path = "Supporting Files";
			sourceTree = "<group>";
		};
/* End PBXGroup section */

/* Begin PBXNativeTarget section */
		D8BFF78521B50F0F00BCC2D3 /* QuizzY */ = {
			isa = PBXNativeTarget;
			buildConfigurationList = D8BFF79821B50F0F00BCC2D3 /* Build configuration list for PBXNativeTarget "QuizzY" */;
			buildPhases = (
				D8BFF78221B50F0F00BCC2D3 /* Sources */,
				D8BFF78321B50F0F00BCC2D3 /* Frameworks */,
				D8BFF78421B50F0F00BCC2D3 /* Resources */,
			);
			buildRules = (
			);
			dependencies = (
			);
			name = QuizzY;
			productName = QuizzY;
			productReference = D8BFF78621B50F0F00BCC2D3 /* QuizzY.app */;
			productType = "com.apple.product-type.application";
		};
/* End PBXNativeTarget section */

/* Begin PBXProject section */
		D8BFF77E21B50F0F00BCC2D3 /* Project object */ = {
			isa = PBXProject;
			attributes = {
				LastSwiftUpdateCheck = 0940;
				LastUpgradeCheck = 0940;
				ORGANIZATIONNAME = "Johan Maille--Guilloux";
				TargetAttributes = {
					D8BFF78521B50F0F00BCC2D3 = {
						CreatedOnToolsVersion = 9.4.1;
					};
				};
			};
			buildConfigurationList = D8BFF78121B50F0F00BCC2D3 /* Build configuration list for PBXProject "QuizzY" */;
			compatibilityVersion = "Xcode 9.3";
			developmentRegion = en;
			hasScannedForEncodings = 0;
			knownRegions = (
				en,
				Base,
			);
			mainGroup = D8BFF77D21B50F0F00BCC2D3;
			productRefGroup = D8BFF78721B50F0F00BCC2D3 /* Products */;
			projectDirPath = "";
			projectRoot = "";
			targets = (
				D8BFF78521B50F0F00BCC2D3 /* QuizzY */,
			);
		};
/* End PBXProject section */

/* Begin PBXResourcesBuildPhase section */
		D8BFF78421B50F0F00BCC2D3 /* Resources */ = {
			isa = PBXResourcesBuildPhase;
			buildActionMask = 2147483647;
			files = (
				D8BFF79421B50F0F00BCC2D3 /* LaunchScreen.storyboard in Resources */,
				D8BFF79121B50F0F00BCC2D3 /* Assets.xcassets in Resources */,
				D8BFF78F21B50F0F00BCC2D3 /* Main.storyboard in Resources */,
			);
			runOnlyForDeploymentPostprocessing = 0;
		};
/* End PBXResourcesBuildPhase section */

/* Begin PBXSourcesBuildPhase section */
		D8BFF78221B50F0F00BCC2D3 /* Sources */ = {
			isa = PBXSourcesBuildPhase;
			buildActionMask = 2147483647;
			files = (
				D8BFF78A21B50F0F00BCC2D3 /* AppDelegate.swift in Sources */,
				4D3AC5E821BA77E60098AB25 /* GameTwoController.swift in Sources */,
				4DF7222421C1158800205504 /* EndGameOneController.swift in Sources */,
				4DC0947021B537570022BBEF /* Question.swift in Sources */,
				4D3AC5EC21BA78D10098AB25 /* MainMenu.swift in Sources */,
				4D3AC5E221BA706C0098AB25 /* GameOneController.swift in Sources */,
				4D6D26C721B56500000DFD8A /* QuestionManager.swift in Sources */,
				4D3AC5EB21BA78D10098AB25 /* ChooseDifficulty.swift in Sources */,
				4DC0947221B53A770022BBEF /* Game.swift in Sources */,
			);
			runOnlyForDeploymentPostprocessing = 0;
		};
/* End PBXSourcesBuildPhase section */

/* Begin PBXVariantGroup section */
		D8BFF78D21B50F0F00BCC2D3 /* Main.storyboard */ = {
			isa = PBXVariantGroup;
			children = (
				D8BFF78E21B50F0F00BCC2D3 /* Base */,
			);
			name = Main.storyboard;
			sourceTree = "<group>";
		};
		D8BFF79221B50F0F00BCC2D3 /* LaunchScreen.storyboard */ = {
			isa = PBXVariantGroup;
			children = (
				D8BFF79321B50F0F00BCC2D3 /* Base */,
			);
			name = LaunchScreen.storyboard;
			sourceTree = "<group>";
		};
/* End PBXVariantGroup section */

/* Begin XCBuildConfiguration section */
		D8BFF79621B50F0F00BCC2D3 /* Debug */ = {
			isa = XCBuildConfiguration;
			buildSettings = {
				ALWAYS_SEARCH_USER_PATHS = NO;
				CLANG_ANALYZER_NONNULL = YES;
				CLANG_ANALYZER_NUMBER_OBJECT_CONVERSION = YES_AGGRESSIVE;
				CLANG_CXX_LANGUAGE_STANDARD = "gnu++14";
				CLANG_CXX_LIBRARY = "libc++";
				CLANG_ENABLE_MODULES = YES;
				CLANG_ENABLE_OBJC_ARC = YES;
				CLANG_ENABLE_OBJC_WEAK = YES;
				CLANG_WARN_BLOCK_CAPTURE_AUTORELEASING = YES;
				CLANG_WARN_BOOL_CONVERSION = YES;
				CLANG_WARN_COMMA = YES;
				CLANG_WARN_CONSTANT_CONVERSION = YES;
				CLANG_WARN_DEPRECATED_OBJC_IMPLEMENTATIONS = YES;
				CLANG_WARN_DIRECT_OBJC_ISA_USAGE = YES_ERROR;
				CLANG_WARN_DOCUMENTATION_COMMENTS = YES;
				CLANG_WARN_EMPTY_BODY = YES;
				CLANG_WARN_ENUM_CONVERSION = YES;
				CLANG_WARN_INFINITE_RECURSION = YES;
				CLANG_WARN_INT_CONVERSION = YES;
				CLANG_WARN_NON_LITERAL_NULL_CONVERSION = YES;
				CLANG_WARN_OBJC_IMPLICIT_RETAIN_SELF = YES;
				CLANG_WARN_OBJC_LITERAL_CONVERSION = YES;
				CLANG_WARN_OBJC_ROOT_CLASS = YES_ERROR;
				CLANG_WARN_RANGE_LOOP_ANALYSIS = YES;
				CLANG_WARN_STRICT_PROTOTYPES = YES;
				CLANG_WARN_SUSPICIOUS_MOVE = YES;
				CLANG_WARN_UNGUARDED_AVAILABILITY = YES_AGGRESSIVE;
				CLANG_WARN_UNREACHABLE_CODE = YES;
				CLANG_WARN__DUPLICATE_METHOD_MATCH = YES;
				CODE_SIGN_IDENTITY = "iPhone Developer";
				COPY_PHASE_STRIP = NO;
				DEBUG_INFORMATION_FORMAT = dwarf;
				ENABLE_STRICT_OBJC_MSGSEND = YES;
				ENABLE_TESTABILITY = YES;
				GCC_C_LANGUAGE_STANDARD = gnu11;
				GCC_DYNAMIC_NO_PIC = NO;
				GCC_NO_COMMON_BLOCKS = YES;
				GCC_OPTIMIZATION_LEVEL = 0;
				GCC_PREPROCESSOR_DEFINITIONS = (
					"DEBUG=1",
					"$(inherited)",
				);
				GCC_WARN_64_TO_32_BIT_CONVERSION = YES;
				GCC_WARN_ABOUT_RETURN_TYPE = YES_ERROR;
				GCC_WARN_UNDECLARED_SELECTOR = YES;
				GCC_WARN_UNINITIALIZED_AUTOS = YES_AGGRESSIVE;
				GCC_WARN_UNUSED_FUNCTION = YES;
				GCC_WARN_UNUSED_VARIABLE = YES;
				IPHONEOS_DEPLOYMENT_TARGET = 11.4;
				MTL_ENABLE_DEBUG_INFO = YES;
				ONLY_ACTIVE_ARCH = YES;
				SDKROOT = iphoneos;
				SWIFT_ACTIVE_COMPILATION_CONDITIONS = DEBUG;
				SWIFT_OPTIMIZATION_LEVEL = "-Onone";
			};
			name = Debug;
		};
		D8BFF79721B50F0F00BCC2D3 /* Release */ = {
			isa = XCBuildConfiguration;
			buildSettings = {
				ALWAYS_SEARCH_USER_PATHS = NO;
				CLANG_ANALYZER_NONNULL = YES;
				CLANG_ANALYZER_NUMBER_OBJECT_CONVERSION = YES_AGGRESSIVE;
				CLANG_CXX_LANGUAGE_STANDARD = "gnu++14";
				CLANG_CXX_LIBRARY = "libc++";
				CLANG_ENABLE_MODULES = YES;
				CLANG_ENABLE_OBJC_ARC = YES;
				CLANG_ENABLE_OBJC_WEAK = YES;
				CLANG_WARN_BLOCK_CAPTURE_AUTORELEASING = YES;
				CLANG_WARN_BOOL_CONVERSION = YES;
				CLANG_WARN_COMMA = YES;
				CLANG_WARN_CONSTANT_CONVERSION = YES;
				CLANG_WARN_DEPRECATED_OBJC_IMPLEMENTATIONS = YES;
				CLANG_WARN_DIRECT_OBJC_ISA_USAGE = YES_ERROR;
				CLANG_WARN_DOCUMENTATION_COMMENTS = YES;
				CLANG_WARN_EMPTY_BODY = YES;
				CLANG_WARN_ENUM_CONVERSION = YES;
				CLANG_WARN_INFINITE_RECURSION = YES;
				CLANG_WARN_INT_CONVERSION = YES;
				CLANG_WARN_NON_LITERAL_NULL_CONVERSION = YES;
				CLANG_WARN_OBJC_IMPLICIT_RETAIN_SELF = YES;
				CLANG_WARN_OBJC_LITERAL_CONVERSION = YES;
				CLANG_WARN_OBJC_ROOT_CLASS = YES_ERROR;
				CLANG_WARN_RANGE_LOOP_ANALYSIS = YES;
				CLANG_WARN_STRICT_PROTOTYPES = YES;
				CLANG_WARN_SUSPICIOUS_MOVE = YES;
				CLANG_WARN_UNGUARDED_AVAILABILITY = YES_AGGRESSIVE;
				CLANG_WARN_UNREACHABLE_CODE = YES;
				CLANG_WARN__DUPLICATE_METHOD_MATCH = YES;
				CODE_SIGN_IDENTITY = "iPhone Developer";
				COPY_PHASE_STRIP = NO;
				DEBUG_INFORMATION_FORMAT = "dwarf-with-dsym";
				ENABLE_NS_ASSERTIONS = NO;
				ENABLE_STRICT_OBJC_MSGSEND = YES;
				GCC_C_LANGUAGE_STANDARD = gnu11;
				GCC_NO_COMMON_BLOCKS = YES;
				GCC_WARN_64_TO_32_BIT_CONVERSION = YES;
				GCC_WARN_ABOUT_RETURN_TYPE = YES_ERROR;
				GCC_WARN_UNDECLARED_SELECTOR = YES;
				GCC_WARN_UNINITIALIZED_AUTOS = YES_AGGRESSIVE;
				GCC_WARN_UNUSED_FUNCTION = YES;
				GCC_WARN_UNUSED_VARIABLE = YES;
				IPHONEOS_DEPLOYMENT_TARGET = 11.4;
				MTL_ENABLE_DEBUG_INFO = NO;
				SDKROOT = iphoneos;
				SWIFT_COMPILATION_MODE = wholemodule;
				SWIFT_OPTIMIZATION_LEVEL = "-O";
				VALIDATE_PRODUCT = YES;
			};
			name = Release;
		};
		D8BFF79921B50F0F00BCC2D3 /* Debug */ = {
			isa = XCBuildConfiguration;
			buildSettings = {
				ASSETCATALOG_COMPILER_APPICON_NAME = AppIcon;
				CODE_SIGN_STYLE = Automatic;
				INFOPLIST_FILE = "QuizzY/Supporting Files/Info.plist";
				LD_RUNPATH_SEARCH_PATHS = (
					"$(inherited)",
					"@executable_path/Frameworks",
				);
				PRODUCT_BUNDLE_IDENTIFIER = JMG.QuizzY;
				PRODUCT_NAME = "$(TARGET_NAME)";
				SWIFT_VERSION = 4.0;
				TARGETED_DEVICE_FAMILY = "1,2";
			};
			name = Debug;
		};
		D8BFF79A21B50F0F00BCC2D3 /* Release */ = {
			isa = XCBuildConfiguration;
			buildSettings = {
				ASSETCATALOG_COMPILER_APPICON_NAME = AppIcon;
				CODE_SIGN_STYLE = Automatic;
				INFOPLIST_FILE = "QuizzY/Supporting Files/Info.plist";
				LD_RUNPATH_SEARCH_PATHS = (
					"$(inherited)",
					"@executable_path/Frameworks",
				);
				PRODUCT_BUNDLE_IDENTIFIER = JMG.QuizzY;
				PRODUCT_NAME = "$(TARGET_NAME)";
				SWIFT_VERSION = 4.0;
				TARGETED_DEVICE_FAMILY = "1,2";
			};
			name = Release;
		};
/* End XCBuildConfiguration section */

/* Begin XCConfigurationList section */
		D8BFF78121B50F0F00BCC2D3 /* Build configuration list for PBXProject "QuizzY" */ = {
			isa = XCConfigurationList;
			buildConfigurations = (
				D8BFF79621B50F0F00BCC2D3 /* Debug */,
				D8BFF79721B50F0F00BCC2D3 /* Release */,
			);
			defaultConfigurationIsVisible = 0;
			defaultConfigurationName = Release;
		};
		D8BFF79821B50F0F00BCC2D3 /* Build configuration list for PBXNativeTarget "QuizzY" */ = {
			isa = XCConfigurationList;
			buildConfigurations = (
				D8BFF79921B50F0F00BCC2D3 /* Debug */,
				D8BFF79A21B50F0F00BCC2D3 /* Release */,
			);
			defaultConfigurationIsVisible = 0;
			defaultConfigurationName = Release;
		};
/* End XCConfigurationList section */
	};
	rootObject = D8BFF77E21B50F0F00BCC2D3 /* Project object */;
}
